
Microsoft Visual Studio Solution File, Format Version 12.00
# Visual Studio 14
VisualStudioVersion = 14.0.25420.1
MinimumVisualStudioVersion = 10.0.40219.1
Project("{FAE04EC0-301F-11D3-BF4B-00C04F79EFBC}") = "Sampletest", "Sampletest\Sampletest\Sampletest.csproj", "{5175526B-F9CC-4A22-93BF-F86A775F1D68}"
EndProject
Project("{FAE04EC0-301F-11D3-BF4B-00C04F79EFBC}") = "Sampletest.Droid", "Sampletest\Sampletest.Droid\Sampletest.Droid.csproj", "{7E554963-3206-4165-8488-5711FC7EED83}"
EndProject
Project("{FAE04EC0-301F-11D3-BF4B-00C04F79EFBC}") = "Sampletest.iOS", "Sampletest\Sampletest.iOS\Sampletest.iOS.csproj", "{C10B71E1-5F51-4CAA-9792-C60C6016466E}"
EndProject
Project("{FAE04EC0-301F-11D3-BF4B-00C04F79EFBC}") = "Sampletest.WinPhone", "Sampletest\Sampletest.WinPhone\Sampletest.WinPhone.csproj", "{128B9802-436B-48F7-BC3B-09BF915096CE}"
EndProject
Project("{FAE04EC0-301F-11D3-BF4B-00C04F79EFBC}") = "Sampletest.UWP", "Sampletest\Sampletest.UWP\Sampletest.UWP.csproj", "{1966C7F3-2479-4243-95DC-8E1769CC09CC}"
EndProject
Project("{FAE04EC0-301F-11D3-BF4B-00C04F79EFBC}") = "Sampletest.Windows", "Sampletest\Sampletest.Windows\Sampletest.Windows.csproj", "{33410002-9DC9-4C9A-A830-EAB4ED3B27E4}"
EndProject
Global
	GlobalSection(SolutionConfigurationPlatforms) = preSolution
		Ad-Hoc|Any CPU = Ad-Hoc|Any CPU
		Ad-Hoc|ARM = Ad-Hoc|ARM
		Ad-Hoc|iPhone = Ad-Hoc|iPhone
		Ad-Hoc|iPhoneSimulator = Ad-Hoc|iPhoneSimulator
		Ad-Hoc|x64 = Ad-Hoc|x64
		Ad-Hoc|x86 = Ad-Hoc|x86
		AppStore|Any CPU = AppStore|Any CPU
		AppStore|ARM = AppStore|ARM
		AppStore|iPhone = AppStore|iPhone
		AppStore|iPhoneSimulator = AppStore|iPhoneSimulator
		AppStore|x64 = AppStore|x64
		AppStore|x86 = AppStore|x86
		Debug|Any CPU = Debug|Any CPU
		Debug|ARM = Debug|ARM
		Debug|iPhone = Debug|iPhone
		Debug|iPhoneSimulator = Debug|iPhoneSimulator
		Debug|x64 = Debug|x64
		Debug|x86 = Debug|x86
		Release|Any CPU = Release|Any CPU
		Release|ARM = Release|ARM
		Release|iPhone = Release|iPhone
		Release|iPhoneSimulator = Release|iPhoneSimulator
		Release|x64 = Release|x64
		Release|x86 = Release|x86
	EndGlobalSection
	GlobalSection(ProjectConfigurationPlatforms) = postSolution
		{5175526B-F9CC-4A22-93BF-F86A775F1D68}.Ad-Hoc|Any CPU.ActiveCfg = Release|Any CPU
		{5175526B-F9CC-4A22-93BF-F86A775F1D68}.Ad-Hoc|Any CPU.Build.0 = Release|Any CPU
		{5175526B-F9CC-4A22-93BF-F86A775F1D68}.Ad-Hoc|ARM.ActiveCfg = Release|Any CPU
		{5175526B-F9CC-4A22-93BF-F86A775F1D68}.Ad-Hoc|ARM.Build.0 = Release|Any CPU
		{5175526B-F9CC-4A22-93BF-F86A775F1D68}.Ad-Hoc|iPhone.ActiveCfg = Release|Any CPU
		{5175526B-F9CC-4A22-93BF-F86A775F1D68}.Ad-Hoc|iPhone.Build.0 = Release|Any CPU
		{5175526B-F9CC-4A22-93BF-F86A775F1D68}.Ad-Hoc|iPhoneSimulator.ActiveCfg = Release|Any CPU
		{5175526B-F9CC-4A22-93BF-F86A775F1D68}.Ad-Hoc|iPhoneSimulator.Build.0 = Release|Any CPU
		{5175526B-F9CC-4A22-93BF-F86A775F1D68}.Ad-Hoc|x64.ActiveCfg = Release|Any CPU
		{5175526B-F9CC-4A22-93BF-F86A775F1D68}.Ad-Hoc|x64.Build.0 = Release|Any CPU
		{5175526B-F9CC-4A22-93BF-F86A775F1D68}.Ad-Hoc|x86.ActiveCfg = Release|Any CPU
		{5175526B-F9CC-4A22-93BF-F86A775F1D68}.Ad-Hoc|x86.Build.0 = Release|Any CPU
		{5175526B-F9CC-4A22-93BF-F86A775F1D68}.AppStore|Any CPU.ActiveCfg = Release|Any CPU
		{5175526B-F9CC-4A22-93BF-F86A775F1D68}.AppStore|Any CPU.Build.0 = Release|Any CPU
		{5175526B-F9CC-4A22-93BF-F86A775F1D68}.AppStore|ARM.ActiveCfg = Release|Any CPU
		{5175526B-F9CC-4A22-93BF-F86A775F1D68}.AppStore|ARM.Build.0 = Release|Any CPU
		{5175526B-F9CC-4A22-93BF-F86A775F1D68}.AppStore|iPhone.ActiveCfg = Release|Any CPU
		{5175526B-F9CC-4A22-93BF-F86A775F1D68}.AppStore|iPhone.Build.0 = Release|Any CPU
		{5175526B-F9CC-4A22-93BF-F86A775F1D68}.AppStore|iPhoneSimulator.ActiveCfg = Release|Any CPU
		{5175526B-F9CC-4A22-93BF-F86A775F1D68}.AppStore|iPhoneSimulator.Build.0 = Release|Any CPU
		{5175526B-F9CC-4A22-93BF-F86A775F1D68}.AppStore|x64.ActiveCfg = Release|Any CPU
		{5175526B-F9CC-4A22-93BF-F86A775F1D68}.AppStore|x64.Build.0 = Release|Any CPU
		{5175526B-F9CC-4A22-93BF-F86A775F1D68}.AppStore|x86.ActiveCfg = Release|Any CPU
		{5175526B-F9CC-4A22-93BF-F86A775F1D68}.AppStore|x86.Build.0 = Release|Any CPU
		{5175526B-F9CC-4A22-93BF-F86A775F1D68}.Debug|Any CPU.ActiveCfg = Debug|Any CPU
		{5175526B-F9CC-4A22-93BF-F86A775F1D68}.Debug|Any CPU.Build.0 = Debug|Any CPU
		{5175526B-F9CC-4A22-93BF-F86A775F1D68}.Debug|ARM.ActiveCfg = Debug|Any CPU
		{5175526B-F9CC-4A22-93BF-F86A775F1D68}.Debug|ARM.Build.0 = Debug|Any CPU
		{5175526B-F9CC-4A22-93BF-F86A775F1D68}.Debug|iPhone.ActiveCfg = Debug|Any CPU
		{5175526B-F9CC-4A22-93BF-F86A775F1D68}.Debug|iPhone.Build.0 = Debug|Any CPU
		{5175526B-F9CC-4A22-93BF-F86A775F1D68}.Debug|iPhoneSimulator.ActiveCfg = Debug|Any CPU
		{5175526B-F9CC-4A22-93BF-F86A775F1D68}.Debug|iPhoneSimulator.Build.0 = Debug|Any CPU
		{5175526B-F9CC-4A22-93BF-F86A775F1D68}.Debug|x64.ActiveCfg = Debug|Any CPU
		{5175526B-F9CC-4A22-93BF-F86A775F1D68}.Debug|x64.Build.0 = Debug|Any CPU
		{5175526B-F9CC-4A22-93BF-F86A775F1D68}.Debug|x86.ActiveCfg = Debug|Any CPU
		{5175526B-F9CC-4A22-93BF-F86A775F1D68}.Debug|x86.Build.0 = Debug|Any CPU
		{5175526B-F9CC-4A22-93BF-F86A775F1D68}.Release|Any CPU.ActiveCfg = Release|Any CPU
		{5175526B-F9CC-4A22-93BF-F86A775F1D68}.Release|Any CPU.Build.0 = Release|Any CPU
		{5175526B-F9CC-4A22-93BF-F86A775F1D68}.Release|ARM.ActiveCfg = Release|Any CPU
		{5175526B-F9CC-4A22-93BF-F86A775F1D68}.Release|ARM.Build.0 = Release|Any CPU
		{5175526B-F9CC-4A22-93BF-F86A775F1D68}.Release|iPhone.ActiveCfg = Release|Any CPU
		{5175526B-F9CC-4A22-93BF-F86A775F1D68}.Release|iPhone.Build.0 = Release|Any CPU
		{5175526B-F9CC-4A22-93BF-F86A775F1D68}.Release|iPhoneSimulator.ActiveCfg = Release|Any CPU
		{5175526B-F9CC-4A22-93BF-F86A775F1D68}.Release|iPhoneSimulator.Build.0 = Release|Any CPU
		{5175526B-F9CC-4A22-93BF-F86A775F1D68}.Release|x64.ActiveCfg = Release|Any CPU
		{5175526B-F9CC-4A22-93BF-F86A775F1D68}.Release|x64.Build.0 = Release|Any CPU
		{5175526B-F9CC-4A22-93BF-F86A775F1D68}.Release|x86.ActiveCfg = Release|Any CPU
		{5175526B-F9CC-4A22-93BF-F86A775F1D68}.Release|x86.Build.0 = Release|Any CPU
		{7E554963-3206-4165-8488-5711FC7EED83}.Ad-Hoc|Any CPU.ActiveCfg = Release|Any CPU
		{7E554963-3206-4165-8488-5711FC7EED83}.Ad-Hoc|Any CPU.Build.0 = Release|Any CPU
		{7E554963-3206-4165-8488-5711FC7EED83}.Ad-Hoc|Any CPU.Deploy.0 = Release|Any CPU
		{7E554963-3206-4165-8488-5711FC7EED83}.Ad-Hoc|ARM.ActiveCfg = Release|Any CPU
		{7E554963-3206-4165-8488-5711FC7EED83}.Ad-Hoc|ARM.Build.0 = Release|Any CPU
		{7E554963-3206-4165-8488-5711FC7EED83}.Ad-Hoc|ARM.Deploy.0 = Release|Any CPU
		{7E554963-3206-4165-8488-5711FC7EED83}.Ad-Hoc|iPhone.ActiveCfg = Release|Any CPU
		{7E554963-3206-4165-8488-5711FC7EED83}.Ad-Hoc|iPhone.Build.0 = Release|Any CPU
		{7E554963-3206-4165-8488-5711FC7EED83}.Ad-Hoc|iPhone.Deploy.0 = Release|Any CPU
		{7E554963-3206-4165-8488-5711FC7EED83}.Ad-Hoc|iPhoneSimulator.ActiveCfg = Release|Any CPU
		{7E554963-3206-4165-8488-5711FC7EED83}.Ad-Hoc|iPhoneSimulator.Build.0 = Release|Any CPU
		{7E554963-3206-4165-8488-5711FC7EED83}.Ad-Hoc|iPhoneSimulator.Deploy.0 = Release|Any CPU
		{7E554963-3206-4165-8488-5711FC7EED83}.Ad-Hoc|x64.ActiveCfg = Release|Any CPU
		{7E554963-3206-4165-8488-5711FC7EED83}.Ad-Hoc|x64.Build.0 = Release|Any CPU
		{7E554963-3206-4165-8488-5711FC7EED83}.Ad-Hoc|x64.Deploy.0 = Release|Any CPU
		{7E554963-3206-4165-8488-5711FC7EED83}.Ad-Hoc|x86.ActiveCfg = Release|Any CPU
		{7E554963-3206-4165-8488-5711FC7EED83}.Ad-Hoc|x86.Build.0 = Release|Any CPU
		{7E554963-3206-4165-8488-5711FC7EED83}.Ad-Hoc|x86.Deploy.0 = Release|Any CPU
		{7E554963-3206-4165-8488-5711FC7EED83}.AppStore|Any CPU.ActiveCfg = Release|Any CPU
		{7E554963-3206-4165-8488-5711FC7EED83}.AppStore|Any CPU.Build.0 = Release|Any CPU
		{7E554963-3206-4165-8488-5711FC7EED83}.AppStore|Any CPU.Deploy.0 = Release|Any CPU
		{7E554963-3206-4165-8488-5711FC7EED83}.AppStore|ARM.ActiveCfg = Release|Any CPU
		{7E554963-3206-4165-8488-5711FC7EED83}.AppStore|ARM.Build.0 = Release|Any CPU
		{7E554963-3206-4165-8488-5711FC7EED83}.AppStore|ARM.Deploy.0 = Release|Any CPU
		{7E554963-3206-4165-8488-5711FC7EED83}.AppStore|iPhone.ActiveCfg = Release|Any CPU
		{7E554963-3206-4165-8488-5711FC7EED83}.AppStore|iPhone.Build.0 = Release|Any CPU
		{7E554963-3206-4165-8488-5711FC7EED83}.AppStore|iPhone.Deploy.0 = Release|Any CPU
		{7E554963-3206-4165-8488-5711FC7EED83}.AppStore|iPhoneSimulator.ActiveCfg = Release|Any CPU
		{7E554963-3206-4165-8488-5711FC7EED83}.AppStore|iPhoneSimulator.Build.0 = Release|Any CPU
		{7E554963-3206-4165-8488-5711FC7EED83}.AppStore|iPhoneSimulator.Deploy.0 = Release|Any CPU
		{7E554963-3206-4165-8488-5711FC7EED83}.AppStore|x64.ActiveCfg = Release|Any CPU
		{7E554963-3206-4165-8488-5711FC7EED83}.AppStore|x64.Build.0 = Release|Any CPU
		{7E554963-3206-4165-8488-5711FC7EED83}.AppStore|x64.Deploy.0 = Release|Any CPU
		{7E554963-3206-4165-8488-5711FC7EED83}.AppStore|x86.ActiveCfg = Release|Any CPU
		{7E554963-3206-4165-8488-5711FC7EED83}.AppStore|x86.Build.0 = Release|Any CPU
		{7E554963-3206-4165-8488-5711FC7EED83}.AppStore|x86.Deploy.0 = Release|Any CPU
		{7E554963-3206-4165-8488-5711FC7EED83}.Debug|Any CPU.ActiveCfg = Debug|Any CPU
		{7E554963-3206-4165-8488-5711FC7EED83}.Debug|Any CPU.Build.0 = Debug|Any CPU
		{7E554963-3206-4165-8488-5711FC7EED83}.Debug|Any CPU.Deploy.0 = Debug|Any CPU
		{7E554963-3206-4165-8488-5711FC7EED83}.Debug|ARM.ActiveCfg = Debug|Any CPU
		{7E554963-3206-4165-8488-5711FC7EED83}.Debug|ARM.Build.0 = Debug|Any CPU
		{7E554963-3206-4165-8488-5711FC7EED83}.Debug|ARM.Deploy.0 = Debug|Any CPU
		{7E554963-3206-4165-8488-5711FC7EED83}.Debug|iPhone.ActiveCfg = Debug|Any CPU
		{7E554963-3206-4165-8488-5711FC7EED83}.Debug|iPhone.Build.0 = Debug|Any CPU
		{7E554963-3206-4165-8488-5711FC7EED83}.Debug|iPhone.Deploy.0 = Debug|Any CPU
		{7E554963-3206-4165-8488-5711FC7EED83}.Debug|iPhoneSimulator.ActiveCfg = Debug|Any CPU
		{7E554963-3206-4165-8488-5711FC7EED83}.Debug|iPhoneSimulator.Build.0 = Debug|Any CPU
		{7E554963-3206-4165-8488-5711FC7EED83}.Debug|iPhoneSimulator.Deploy.0 = Debug|Any CPU
		{7E554963-3206-4165-8488-5711FC7EED83}.Debug|x64.ActiveCfg = Debug|Any CPU
		{7E554963-3206-4165-8488-5711FC7EED83}.Debug|x64.Build.0 = Debug|Any CPU
		{7E554963-3206-4165-8488-5711FC7EED83}.Debug|x64.Deploy.0 = Debug|Any CPU
		{7E554963-3206-4165-8488-5711FC7EED83}.Debug|x86.ActiveCfg = Debug|Any CPU
		{7E554963-3206-4165-8488-5711FC7EED83}.Debug|x86.Build.0 = Debug|Any CPU
		{7E554963-3206-4165-8488-5711FC7EED83}.Debug|x86.Deploy.0 = Debug|Any CPU
		{7E554963-3206-4165-8488-5711FC7EED83}.Release|Any CPU.ActiveCfg = Release|Any CPU
		{7E554963-3206-4165-8488-5711FC7EED83}.Release|Any CPU.Build.0 = Release|Any CPU
		{7E554963-3206-4165-8488-5711FC7EED83}.Release|Any CPU.Deploy.0 = Release|Any CPU
		{7E554963-3206-4165-8488-5711FC7EED83}.Release|ARM.ActiveCfg = Release|Any CPU
		{7E554963-3206-4165-8488-5711FC7EED83}.Release|ARM.Build.0 = Release|Any CPU
		{7E554963-3206-4165-8488-5711FC7EED83}.Release|ARM.Deploy.0 = Release|Any CPU
		{7E554963-3206-4165-8488-5711FC7EED83}.Release|iPhone.ActiveCfg = Release|Any CPU
		{7E554963-3206-4165-8488-5711FC7EED83}.Release|iPhone.Build.0 = Release|Any CPU
		{7E554963-3206-4165-8488-5711FC7EED83}.Release|iPhone.Deploy.0 = Release|Any CPU
		{7E554963-3206-4165-8488-5711FC7EED83}.Release|iPhoneSimulator.ActiveCfg = Release|Any CPU
		{7E554963-3206-4165-8488-5711FC7EED83}.Release|iPhoneSimulator.Build.0 = Release|Any CPU
		{7E554963-3206-4165-8488-5711FC7EED83}.Release|iPhoneSimulator.Deploy.0 = Release|Any CPU
		{7E554963-3206-4165-8488-5711FC7EED83}.Release|x64.ActiveCfg = Release|Any CPU
		{7E554963-3206-4165-8488-5711FC7EED83}.Release|x64.Build.0 = Release|Any CPU
		{7E554963-3206-4165-8488-5711FC7EED83}.Release|x64.Deploy.0 = Release|Any CPU
		{7E554963-3206-4165-8488-5711FC7EED83}.Release|x86.ActiveCfg = Release|Any CPU
		{7E554963-3206-4165-8488-5711FC7EED83}.Release|x86.Build.0 = Release|Any CPU
		{7E554963-3206-4165-8488-5711FC7EED83}.Release|x86.Deploy.0 = Release|Any CPU
		{C10B71E1-5F51-4CAA-9792-C60C6016466E}.Ad-Hoc|Any CPU.ActiveCfg = Ad-Hoc|iPhone
		{C10B71E1-5F51-4CAA-9792-C60C6016466E}.Ad-Hoc|ARM.ActiveCfg = Ad-Hoc|iPhone
		{C10B71E1-5F51-4CAA-9792-C60C6016466E}.Ad-Hoc|iPhone.ActiveCfg = Ad-Hoc|iPhone
		{C10B71E1-5F51-4CAA-9792-C60C6016466E}.Ad-Hoc|iPhone.Build.0 = Ad-Hoc|iPhone
		{C10B71E1-5F51-4CAA-9792-C60C6016466E}.Ad-Hoc|iPhoneSimulator.ActiveCfg = Ad-Hoc|iPhoneSimulator
		{C10B71E1-5F51-4CAA-9792-C60C6016466E}.Ad-Hoc|iPhoneSimulator.Build.0 = Ad-Hoc|iPhoneSimulator
		{C10B71E1-5F51-4CAA-9792-C60C6016466E}.Ad-Hoc|x64.ActiveCfg = Ad-Hoc|iPhone
		{C10B71E1-5F51-4CAA-9792-C60C6016466E}.Ad-Hoc|x86.ActiveCfg = Ad-Hoc|iPhone
		{C10B71E1-5F51-4CAA-9792-C60C6016466E}.AppStore|Any CPU.ActiveCfg = AppStore|iPhone
		{C10B71E1-5F51-4CAA-9792-C60C6016466E}.AppStore|ARM.ActiveCfg = AppStore|iPhone
		{C10B71E1-5F51-4CAA-9792-C60C6016466E}.AppStore|iPhone.ActiveCfg = AppStore|iPhone
		{C10B71E1-5F51-4CAA-9792-C60C6016466E}.AppStore|iPhone.Build.0 = AppStore|iPhone
		{C10B71E1-5F51-4CAA-9792-C60C6016466E}.AppStore|iPhoneSimulator.ActiveCfg = AppStore|iPhoneSimulator
		{C10B71E1-5F51-4CAA-9792-C60C6016466E}.AppStore|iPhoneSimulator.Build.0 = AppStore|iPhoneSimulator
		{C10B71E1-5F51-4CAA-9792-C60C6016466E}.AppStore|x64.ActiveCfg = AppStore|iPhone
		{C10B71E1-5F51-4CAA-9792-C60C6016466E}.AppStore|x86.ActiveCfg = AppStore|iPhone
		{C10B71E1-5F51-4CAA-9792-C60C6016466E}.Debug|Any CPU.ActiveCfg = Debug|iPhone
		{C10B71E1-5F51-4CAA-9792-C60C6016466E}.Debug|ARM.ActiveCfg = Debug|iPhone
		{C10B71E1-5F51-4CAA-9792-C60C6016466E}.Debug|iPhone.ActiveCfg = Debug|iPhone
		{C10B71E1-5F51-4CAA-9792-C60C6016466E}.Debug|iPhone.Build.0 = Debug|iPhone
		{C10B71E1-5F51-4CAA-9792-C60C6016466E}.Debug|iPhoneSimulator.ActiveCfg = Debug|iPhoneSimulator
		{C10B71E1-5F51-4CAA-9792-C60C6016466E}.Debug|iPhoneSimulator.Build.0 = Debug|iPhoneSimulator
		{C10B71E1-5F51-4CAA-9792-C60C6016466E}.Debug|x64.ActiveCfg = Debug|iPhone
		{C10B71E1-5F51-4CAA-9792-C60C6016466E}.Debug|x86.ActiveCfg = Debug|iPhone
		{C10B71E1-5F51-4CAA-9792-C60C6016466E}.Release|Any CPU.ActiveCfg = Release|iPhone
		{C10B71E1-5F51-4CAA-9792-C60C6016466E}.Release|ARM.ActiveCfg = Release|iPhone
		{C10B71E1-5F51-4CAA-9792-C60C6016466E}.Release|iPhone.ActiveCfg = Release|iPhone
		{C10B71E1-5F51-4CAA-9792-C60C6016466E}.Release|iPhone.Build.0 = Release|iPhone
		{C10B71E1-5F51-4CAA-9792-C60C6016466E}.Release|iPhoneSimulator.ActiveCfg = Release|iPhoneSimulator
		{C10B71E1-5F51-4CAA-9792-C60C6016466E}.Release|iPhoneSimulator.Build.0 = Release|iPhoneSimulator
		{C10B71E1-5F51-4CAA-9792-C60C6016466E}.Release|x64.ActiveCfg = Release|iPhone
		{C10B71E1-5F51-4CAA-9792-C60C6016466E}.Release|x86.ActiveCfg = Release|iPhone
		{128B9802-436B-48F7-BC3B-09BF915096CE}.Ad-Hoc|Any CPU.ActiveCfg = Release|Any CPU
		{128B9802-436B-48F7-BC3B-09BF915096CE}.Ad-Hoc|Any CPU.Build.0 = Release|Any CPU
		{128B9802-436B-48F7-BC3B-09BF915096CE}.Ad-Hoc|Any CPU.Deploy.0 = Release|Any CPU
		{128B9802-436B-48F7-BC3B-09BF915096CE}.Ad-Hoc|ARM.ActiveCfg = Release|ARM
		{128B9802-436B-48F7-BC3B-09BF915096CE}.Ad-Hoc|ARM.Build.0 = Release|ARM
		{128B9802-436B-48F7-BC3B-09BF915096CE}.Ad-Hoc|ARM.Deploy.0 = Release|ARM
		{128B9802-436B-48F7-BC3B-09BF915096CE}.Ad-Hoc|iPhone.ActiveCfg = Release|Any CPU
		{128B9802-436B-48F7-BC3B-09BF915096CE}.Ad-Hoc|iPhone.Build.0 = Release|Any CPU
		{128B9802-436B-48F7-BC3B-09BF915096CE}.Ad-Hoc|iPhone.Deploy.0 = Release|Any CPU
		{128B9802-436B-48F7-BC3B-09BF915096CE}.Ad-Hoc|iPhoneSimulator.ActiveCfg = Release|Any CPU
		{128B9802-436B-48F7-BC3B-09BF915096CE}.Ad-Hoc|iPhoneSimulator.Build.0 = Release|Any CPU
		{128B9802-436B-48F7-BC3B-09BF915096CE}.Ad-Hoc|iPhoneSimulator.Deploy.0 = Release|Any CPU
		{128B9802-436B-48F7-BC3B-09BF915096CE}.Ad-Hoc|x64.ActiveCfg = Release|Any CPU
		{128B9802-436B-48F7-BC3B-09BF915096CE}.Ad-Hoc|x64.Build.0 = Release|Any CPU
		{128B9802-436B-48F7-BC3B-09BF915096CE}.Ad-Hoc|x64.Deploy.0 = Release|Any CPU
		{128B9802-436B-48F7-BC3B-09BF915096CE}.Ad-Hoc|x86.ActiveCfg = Release|x86
		{128B9802-436B-48F7-BC3B-09BF915096CE}.Ad-Hoc|x86.Build.0 = Release|x86
		{128B9802-436B-48F7-BC3B-09BF915096CE}.Ad-Hoc|x86.Deploy.0 = Release|x86
		{128B9802-436B-48F7-BC3B-09BF915096CE}.AppStore|Any CPU.ActiveCfg = Release|Any CPU
		{128B9802-436B-48F7-BC3B-09BF915096CE}.AppStore|Any CPU.Build.0 = Release|Any CPU
		{128B9802-436B-48F7-BC3B-09BF915096CE}.AppStore|Any CPU.Deploy.0 = Release|Any CPU
		{128B9802-436B-48F7-BC3B-09BF915096CE}.AppStore|ARM.ActiveCfg = Release|ARM
		{128B9802-436B-48F7-BC3B-09BF915096CE}.AppStore|ARM.Build.0 = Release|ARM
		{128B9802-436B-48F7-BC3B-09BF915096CE}.AppStore|ARM.Deploy.0 = Release|ARM
		{128B9802-436B-48F7-BC3B-09BF915096CE}.AppStore|iPhone.ActiveCfg = Release|Any CPU
		{128B9802-436B-48F7-BC3B-09BF915096CE}.AppStore|iPhone.Build.0 = Release|Any CPU
		{128B9802-436B-48F7-BC3B-09BF915096CE}.AppStore|iPhone.Deploy.0 = Release|Any CPU
		{128B9802-436B-48F7-BC3B-09BF915096CE}.AppStore|iPhoneSimulator.ActiveCfg = Release|Any CPU
		{128B9802-436B-48F7-BC3B-09BF915096CE}.AppStore|iPhoneSimulator.Build.0 = Release|Any CPU
		{128B9802-436B-48F7-BC3B-09BF915096CE}.AppStore|iPhoneSimulator.Deploy.0 = Release|Any CPU
		{128B9802-436B-48F7-BC3B-09BF915096CE}.AppStore|x64.ActiveCfg = Release|Any CPU
		{128B9802-436B-48F7-BC3B-09BF915096CE}.AppStore|x64.Build.0 = Release|Any CPU
		{128B9802-436B-48F7-BC3B-09BF915096CE}.AppStore|x64.Deploy.0 = Release|Any CPU
		{128B9802-436B-48F7-BC3B-09BF915096CE}.AppStore|x86.ActiveCfg = Release|x86
		{128B9802-436B-48F7-BC3B-09BF915096CE}.AppStore|x86.Build.0 = Release|x86
		{128B9802-436B-48F7-BC3B-09BF915096CE}.AppStore|x86.Deploy.0 = Release|x86
		{128B9802-436B-48F7-BC3B-09BF915096CE}.Debug|Any CPU.ActiveCfg = Debug|Any CPU
		{128B9802-436B-48F7-BC3B-09BF915096CE}.Debug|Any CPU.Build.0 = Debug|Any CPU
		{128B9802-436B-48F7-BC3B-09BF915096CE}.Debug|Any CPU.Deploy.0 = Debug|Any CPU
		{128B9802-436B-48F7-BC3B-09BF915096CE}.Debug|ARM.ActiveCfg = Debug|ARM
		{128B9802-436B-48F7-BC3B-09BF915096CE}.Debug|ARM.Build.0 = Debug|ARM
		{128B9802-436B-48F7-BC3B-09BF915096CE}.Debug|ARM.Deploy.0 = Debug|ARM
		{128B9802-436B-48F7-BC3B-09BF915096CE}.Debug|iPhone.ActiveCfg = Debug|Any CPU
		{128B9802-436B-48F7-BC3B-09BF915096CE}.Debug|iPhone.Build.0 = Debug|Any CPU
		{128B9802-436B-48F7-BC3B-09BF915096CE}.Debug|iPhone.Deploy.0 = Debug|Any CPU
		{128B9802-436B-48F7-BC3B-09BF915096CE}.Debug|iPhoneSimulator.ActiveCfg = Debug|Any CPU
		{128B9802-436B-48F7-BC3B-09BF915096CE}.Debug|iPhoneSimulator.Build.0 = Debug|Any CPU
		{128B9802-436B-48F7-BC3B-09BF915096CE}.Debug|iPhoneSimulator.Deploy.0 = Debug|Any CPU
		{128B9802-436B-48F7-BC3B-09BF915096CE}.Debug|x64.ActiveCfg = Debug|Any CPU
		{128B9802-436B-48F7-BC3B-09BF915096CE}.Debug|x64.Build.0 = Debug|Any CPU
		{128B9802-436B-48F7-BC3B-09BF915096CE}.Debug|x64.Deploy.0 = Debug|Any CPU
		{128B9802-436B-48F7-BC3B-09BF915096CE}.Debug|x86.ActiveCfg = Debug|x86
		{128B9802-436B-48F7-BC3B-09BF915096CE}.Debug|x86.Build.0 = Debug|x86
		{128B9802-436B-48F7-BC3B-09BF915096CE}.Debug|x86.Deploy.0 = Debug|x86
		{128B9802-436B-48F7-BC3B-09BF915096CE}.Release|Any CPU.ActiveCfg = Release|Any CPU
		{128B9802-436B-48F7-BC3B-09BF915096CE}.Release|Any CPU.Build.0 = Release|Any CPU
		{128B9802-436B-48F7-BC3B-09BF915096CE}.Release|Any CPU.Deploy.0 = Release|Any CPU
		{128B9802-436B-48F7-BC3B-09BF915096CE}.Release|ARM.ActiveCfg = Release|ARM
		{128B9802-436B-48F7-BC3B-09BF915096CE}.Release|ARM.Build.0 = Release|ARM
		{128B9802-436B-48F7-BC3B-09BF915096CE}.Release|ARM.Deploy.0 = Release|ARM
		{128B9802-436B-48F7-BC3B-09BF915096CE}.Release|iPhone.ActiveCfg = Release|Any CPU
		{128B9802-436B-48F7-BC3B-09BF915096CE}.Release|iPhone.Build.0 = Release|Any CPU
		{128B9802-436B-48F7-BC3B-09BF915096CE}.Release|iPhone.Deploy.0 = Release|Any CPU
		{128B9802-436B-48F7-BC3B-09BF915096CE}.Release|iPhoneSimulator.ActiveCfg = Release|Any CPU
		{128B9802-436B-48F7-BC3B-09BF915096CE}.Release|iPhoneSimulator.Build.0 = Release|Any CPU
		{128B9802-436B-48F7-BC3B-09BF915096CE}.Release|iPhoneSimulator.Deploy.0 = Release|Any CPU
		{128B9802-436B-48F7-BC3B-09BF915096CE}.Release|x64.ActiveCfg = Release|Any CPU
		{128B9802-436B-48F7-BC3B-09BF915096CE}.Release|x64.Build.0 = Release|Any CPU
		{128B9802-436B-48F7-BC3B-09BF915096CE}.Release|x64.Deploy.0 = Release|Any CPU
		{128B9802-436B-48F7-BC3B-09BF915096CE}.Release|x86.ActiveCfg = Release|x86
		{128B9802-436B-48F7-BC3B-09BF915096CE}.Release|x86.Build.0 = Release|x86
		{128B9802-436B-48F7-BC3B-09BF915096CE}.Release|x86.Deploy.0 = Release|x86
		{1966C7F3-2479-4243-95DC-8E1769CC09CC}.Ad-Hoc|Any CPU.ActiveCfg = Release|x86
		{1966C7F3-2479-4243-95DC-8E1769CC09CC}.Ad-Hoc|Any CPU.Build.0 = Release|x86
		{1966C7F3-2479-4243-95DC-8E1769CC09CC}.Ad-Hoc|Any CPU.Deploy.0 = Release|x86
		{1966C7F3-2479-4243-95DC-8E1769CC09CC}.Ad-Hoc|ARM.ActiveCfg = Release|ARM
		{1966C7F3-2479-4243-95DC-8E1769CC09CC}.Ad-Hoc|ARM.Build.0 = Release|ARM
		{1966C7F3-2479-4243-95DC-8E1769CC09CC}.Ad-Hoc|ARM.Deploy.0 = Release|ARM
		{1966C7F3-2479-4243-95DC-8E1769CC09CC}.Ad-Hoc|iPhone.ActiveCfg = Release|x86
		{1966C7F3-2479-4243-95DC-8E1769CC09CC}.Ad-Hoc|iPhone.Build.0 = Release|x86
		{1966C7F3-2479-4243-95DC-8E1769CC09CC}.Ad-Hoc|iPhone.Deploy.0 = Release|x86
		{1966C7F3-2479-4243-95DC-8E1769CC09CC}.Ad-Hoc|iPhoneSimulator.ActiveCfg = Release|x86
		{1966C7F3-2479-4243-95DC-8E1769CC09CC}.Ad-Hoc|iPhoneSimulator.Build.0 = Release|x86
		{1966C7F3-2479-4243-95DC-8E1769CC09CC}.Ad-Hoc|iPhoneSimulator.Deploy.0 = Release|x86
		{1966C7F3-2479-4243-95DC-8E1769CC09CC}.Ad-Hoc|x64.ActiveCfg = Release|x64
		{1966C7F3-2479-4243-95DC-8E1769CC09CC}.Ad-Hoc|x64.Build.0 = Release|x64
		{1966C7F3-2479-4243-95DC-8E1769CC09CC}.Ad-Hoc|x64.Deploy.0 = Release|x64
		{1966C7F3-2479-4243-95DC-8E1769CC09CC}.Ad-Hoc|x86.ActiveCfg = Release|x86
		{1966C7F3-2479-4243-95DC-8E1769CC09CC}.Ad-Hoc|x86.Build.0 = Release|x86
		{1966C7F3-2479-4243-95DC-8E1769CC09CC}.Ad-Hoc|x86.Deploy.0 = Release|x86
		{1966C7F3-2479-4243-95DC-8E1769CC09CC}.AppStore|Any CPU.ActiveCfg = Release|x86
		{1966C7F3-2479-4243-95DC-8E1769CC09CC}.AppStore|Any CPU.Build.0 = Release|x86
		{1966C7F3-2479-4243-95DC-8E1769CC09CC}.AppStore|Any CPU.Deploy.0 = Release|x86
		{1966C7F3-2479-4243-95DC-8E1769CC09CC}.AppStore|ARM.ActiveCfg = Release|ARM
		{1966C7F3-2479-4243-95DC-8E1769CC09CC}.AppStore|ARM.Build.0 = Release|ARM
		{1966C7F3-2479-4243-95DC-8E1769CC09CC}.AppStore|ARM.Deploy.0 = Release|ARM
		{1966C7F3-2479-4243-95DC-8E1769CC09CC}.AppStore|iPhone.ActiveCfg = Release|x86
		{1966C7F3-2479-4243-95DC-8E1769CC09CC}.AppStore|iPhone.Build.0 = Release|x86
		{1966C7F3-2479-4243-95DC-8E1769CC09CC}.AppStore|iPhone.Deploy.0 = Release|x86
		{1966C7F3-2479-4243-95DC-8E1769CC09CC}.AppStore|iPhoneSimulator.ActiveCfg = Release|x86
		{1966C7F3-2479-4243-95DC-8E1769CC09CC}.AppStore|iPhoneSimulator.Build.0 = Release|x86
		{1966C7F3-2479-4243-95DC-8E1769CC09CC}.AppStore|iPhoneSimulator.Deploy.0 = Release|x86
		{1966C7F3-2479-4243-95DC-8E1769CC09CC}.AppStore|x64.ActiveCfg = Release|x64
		{1966C7F3-2479-4243-95DC-8E1769CC09CC}.AppStore|x64.Build.0 = Release|x64
		{1966C7F3-2479-4243-95DC-8E1769CC09CC}.AppStore|x64.Deploy.0 = Release|x64
		{1966C7F3-2479-4243-95DC-8E1769CC09CC}.AppStore|x86.ActiveCfg = Release|x86
		{1966C7F3-2479-4243-95DC-8E1769CC09CC}.AppStore|x86.Build.0 = Release|x86
		{1966C7F3-2479-4243-95DC-8E1769CC09CC}.AppStore|x86.Deploy.0 = Release|x86
		{1966C7F3-2479-4243-95DC-8E1769CC09CC}.Debug|Any CPU.ActiveCfg = Debug|x86
		{1966C7F3-2479-4243-95DC-8E1769CC09CC}.Debug|ARM.ActiveCfg = Debug|ARM
		{1966C7F3-2479-4243-95DC-8E1769CC09CC}.Debug|ARM.Build.0 = Debug|ARM
		{1966C7F3-2479-4243-95DC-8E1769CC09CC}.Debug|ARM.Deploy.0 = Debug|ARM
		{1966C7F3-2479-4243-95DC-8E1769CC09CC}.Debug|iPhone.ActiveCfg = Debug|x86
		{1966C7F3-2479-4243-95DC-8E1769CC09CC}.Debug|iPhoneSimulator.ActiveCfg = Debug|x86
		{1966C7F3-2479-4243-95DC-8E1769CC09CC}.Debug|x64.ActiveCfg = Debug|x64
		{1966C7F3-2479-4243-95DC-8E1769CC09CC}.Debug|x64.Build.0 = Debug|x64
		{1966C7F3-2479-4243-95DC-8E1769CC09CC}.Debug|x64.Deploy.0 = Debug|x64
		{1966C7F3-2479-4243-95DC-8E1769CC09CC}.Debug|x86.ActiveCfg = Debug|x86
		{1966C7F3-2479-4243-95DC-8E1769CC09CC}.Debug|x86.Build.0 = Debug|x86
		{1966C7F3-2479-4243-95DC-8E1769CC09CC}.Debug|x86.Deploy.0 = Debug|x86
		{1966C7F3-2479-4243-95DC-8E1769CC09CC}.Release|Any CPU.ActiveCfg = Release|x86
		{1966C7F3-2479-4243-95DC-8E1769CC09CC}.Release|ARM.ActiveCfg = Release|ARM
		{1966C7F3-2479-4243-95DC-8E1769CC09CC}.Release|ARM.Build.0 = Release|ARM
		{1966C7F3-2479-4243-95DC-8E1769CC09CC}.Release|ARM.Deploy.0 = Release|ARM
		{1966C7F3-2479-4243-95DC-8E1769CC09CC}.Release|iPhone.ActiveCfg = Release|x86
		{1966C7F3-2479-4243-95DC-8E1769CC09CC}.Release|iPhoneSimulator.ActiveCfg = Release|x86
		{1966C7F3-2479-4243-95DC-8E1769CC09CC}.Release|x64.ActiveCfg = Release|x64
		{1966C7F3-2479-4243-95DC-8E1769CC09CC}.Release|x64.Build.0 = Release|x64
		{1966C7F3-2479-4243-95DC-8E1769CC09CC}.Release|x64.Deploy.0 = Release|x64
		{1966C7F3-2479-4243-95DC-8E1769CC09CC}.Release|x86.ActiveCfg = Release|x86
		{1966C7F3-2479-4243-95DC-8E1769CC09CC}.Release|x86.Build.0 = Release|x86
		{1966C7F3-2479-4243-95DC-8E1769CC09CC}.Release|x86.Deploy.0 = Release|x86
		{33410002-9DC9-4C9A-A830-EAB4ED3B27E4}.Ad-Hoc|Any CPU.ActiveCfg = Release|Any CPU
		{33410002-9DC9-4C9A-A830-EAB4ED3B27E4}.Ad-Hoc|Any CPU.Build.0 = Release|Any CPU
		{33410002-9DC9-4C9A-A830-EAB4ED3B27E4}.Ad-Hoc|Any CPU.Deploy.0 = Release|Any CPU
		{33410002-9DC9-4C9A-A830-EAB4ED3B27E4}.Ad-Hoc|ARM.ActiveCfg = Release|ARM
		{33410002-9DC9-4C9A-A830-EAB4ED3B27E4}.Ad-Hoc|ARM.Build.0 = Release|ARM
		{33410002-9DC9-4C9A-A830-EAB4ED3B27E4}.Ad-Hoc|ARM.Deploy.0 = Release|ARM
		{33410002-9DC9-4C9A-A830-EAB4ED3B27E4}.Ad-Hoc|iPhone.ActiveCfg = Release|Any CPU
		{33410002-9DC9-4C9A-A830-EAB4ED3B27E4}.Ad-Hoc|iPhone.Build.0 = Release|Any CPU
		{33410002-9DC9-4C9A-A830-EAB4ED3B27E4}.Ad-Hoc|iPhone.Deploy.0 = Release|Any CPU
		{33410002-9DC9-4C9A-A830-EAB4ED3B27E4}.Ad-Hoc|iPhoneSimulator.ActiveCfg = Release|Any CPU
		{33410002-9DC9-4C9A-A830-EAB4ED3B27E4}.Ad-Hoc|iPhoneSimulator.Build.0 = Release|Any CPU
		{33410002-9DC9-4C9A-A830-EAB4ED3B27E4}.Ad-Hoc|iPhoneSimulator.Deploy.0 = Release|Any CPU
		{33410002-9DC9-4C9A-A830-EAB4ED3B27E4}.Ad-Hoc|x64.ActiveCfg = Release|x64
		{33410002-9DC9-4C9A-A830-EAB4ED3B27E4}.Ad-Hoc|x64.Build.0 = Release|x64
		{33410002-9DC9-4C9A-A830-EAB4ED3B27E4}.Ad-Hoc|x64.Deploy.0 = Release|x64
		{33410002-9DC9-4C9A-A830-EAB4ED3B27E4}.Ad-Hoc|x86.ActiveCfg = Release|x86
		{33410002-9DC9-4C9A-A830-EAB4ED3B27E4}.Ad-Hoc|x86.Build.0 = Release|x86
		{33410002-9DC9-4C9A-A830-EAB4ED3B27E4}.Ad-Hoc|x86.Deploy.0 = Release|x86
		{33410002-9DC9-4C9A-A830-EAB4ED3B27E4}.AppStore|Any CPU.ActiveCfg = Release|Any CPU
		{33410002-9DC9-4C9A-A830-EAB4ED3B27E4}.AppStore|Any CPU.Build.0 = Release|Any CPU
		{33410002-9DC9-4C9A-A830-EAB4ED3B27E4}.AppStore|Any CPU.Deploy.0 = Release|Any CPU
		{33410002-9DC9-4C9A-A830-EAB4ED3B27E4}.AppStore|ARM.ActiveCfg = Release|ARM
		{33410002-9DC9-4C9A-A830-EAB4ED3B27E4}.AppStore|ARM.Build.0 = Release|ARM
		{33410002-9DC9-4C9A-A830-EAB4ED3B27E4}.AppStore|ARM.Deploy.0 = Release|ARM
		{33410002-9DC9-4C9A-A830-EAB4ED3B27E4}.AppStore|iPhone.ActiveCfg = Release|Any CPU
		{33410002-9DC9-4C9A-A830-EAB4ED3B27E4}.AppStore|iPhone.Build.0 = Release|Any CPU
		{33410002-9DC9-4C9A-A830-EAB4ED3B27E4}.AppStore|iPhone.Deploy.0 = Release|Any CPU
		{33410002-9DC9-4C9A-A830-EAB4ED3B27E4}.AppStore|iPhoneSimulator.ActiveCfg = Release|Any CPU
		{33410002-9DC9-4C9A-A830-EAB4ED3B27E4}.AppStore|iPhoneSimulator.Build.0 = Release|Any CPU
		{33410002-9DC9-4C9A-A830-EAB4ED3B27E4}.AppStore|iPhoneSimulator.Deploy.0 = Release|Any CPU
		{33410002-9DC9-4C9A-A830-EAB4ED3B27E4}.AppStore|x64.ActiveCfg = Release|x64
		{33410002-9DC9-4C9A-A830-EAB4ED3B27E4}.AppStore|x64.Build.0 = Release|x64
		{33410002-9DC9-4C9A-A830-EAB4ED3B27E4}.AppStore|x64.Deploy.0 = Release|x64
		{33410002-9DC9-4C9A-A830-EAB4ED3B27E4}.AppStore|x86.ActiveCfg = Release|x86
		{33410002-9DC9-4C9A-A830-EAB4ED3B27E4}.AppStore|x86.Build.0 = Release|x86
		{33410002-9DC9-4C9A-A830-EAB4ED3B27E4}.AppStore|x86.Deploy.0 = Release|x86
		{33410002-9DC9-4C9A-A830-EAB4ED3B27E4}.Debug|Any CPU.ActiveCfg = Debug|Any CPU
		{33410002-9DC9-4C9A-A830-EAB4ED3B27E4}.Debug|Any CPU.Build.0 = Debug|Any CPU
		{33410002-9DC9-4C9A-A830-EAB4ED3B27E4}.Debug|Any CPU.Deploy.0 = Debug|Any CPU
		{33410002-9DC9-4C9A-A830-EAB4ED3B27E4}.Debug|ARM.ActiveCfg = Debug|ARM
		{33410002-9DC9-4C9A-A830-EAB4ED3B27E4}.Debug|ARM.Build.0 = Debug|ARM
		{33410002-9DC9-4C9A-A830-EAB4ED3B27E4}.Debug|ARM.Deploy.0 = Debug|ARM
		{33410002-9DC9-4C9A-A830-EAB4ED3B27E4}.Debug|iPhone.ActiveCfg = Debug|Any CPU
		{33410002-9DC9-4C9A-A830-EAB4ED3B27E4}.Debug|iPhone.Build.0 = Debug|Any CPU
		{33410002-9DC9-4C9A-A830-EAB4ED3B27E4}.Debug|iPhone.Deploy.0 = Debug|Any CPU
		{33410002-9DC9-4C9A-A830-EAB4ED3B27E4}.Debug|iPhoneSimulator.ActiveCfg = Debug|Any CPU
		{33410002-9DC9-4C9A-A830-EAB4ED3B27E4}.Debug|iPhoneSimulator.Build.0 = Debug|Any CPU
		{33410002-9DC9-4C9A-A830-EAB4ED3B27E4}.Debug|iPhoneSimulator.Deploy.0 = Debug|Any CPU
		{33410002-9DC9-4C9A-A830-EAB4ED3B27E4}.Debug|x64.ActiveCfg = Debug|x64
		{33410002-9DC9-4C9A-A830-EAB4ED3B27E4}.Debug|x64.Build.0 = Debug|x64
		{33410002-9DC9-4C9A-A830-EAB4ED3B27E4}.Debug|x64.Deploy.0 = Debug|x64
		{33410002-9DC9-4C9A-A830-EAB4ED3B27E4}.Debug|x86.ActiveCfg = Debug|x86
		{33410002-9DC9-4C9A-A830-EAB4ED3B27E4}.Debug|x86.Build.0 = Debug|x86
		{33410002-9DC9-4C9A-A830-EAB4ED3B27E4}.Debug|x86.Deploy.0 = Debug|x86
		{33410002-9DC9-4C9A-A830-EAB4ED3B27E4}.Release|Any CPU.ActiveCfg = Release|Any CPU
		{33410002-9DC9-4C9A-A830-EAB4ED3B27E4}.Release|Any CPU.Build.0 = Release|Any CPU
		{33410002-9DC9-4C9A-A830-EAB4ED3B27E4}.Release|Any CPU.Deploy.0 = Release|Any CPU
		{33410002-9DC9-4C9A-A830-EAB4ED3B27E4}.Release|ARM.ActiveCfg = Release|ARM
		{33410002-9DC9-4C9A-A830-EAB4ED3B27E4}.Release|ARM.Build.0 = Release|ARM
		{33410002-9DC9-4C9A-A830-EAB4ED3B27E4}.Release|ARM.Deploy.0 = Release|ARM
		{33410002-9DC9-4C9A-A830-EAB4ED3B27E4}.Release|iPhone.ActiveCfg = Release|Any CPU
		{33410002-9DC9-4C9A-A830-EAB4ED3B27E4}.Release|iPhone.Build.0 = Release|Any CPU
		{33410002-9DC9-4C9A-A830-EAB4ED3B27E4}.Release|iPhone.Deploy.0 = Release|Any CPU
		{33410002-9DC9-4C9A-A830-EAB4ED3B27E4}.Release|iPhoneSimulator.ActiveCfg = Release|Any CPU
		{33410002-9DC9-4C9A-A830-EAB4ED3B27E4}.Release|iPhoneSimulator.Build.0 = Release|Any CPU
		{33410002-9DC9-4C9A-A830-EAB4ED3B27E4}.Release|iPhoneSimulator.Deploy.0 = Release|Any CPU
		{33410002-9DC9-4C9A-A830-EAB4ED3B27E4}.Release|x64.ActiveCfg = Release|x64
		{33410002-9DC9-4C9A-A830-EAB4ED3B27E4}.Release|x64.Build.0 = Release|x64
		{33410002-9DC9-4C9A-A830-EAB4ED3B27E4}.Release|x64.Deploy.0 = Release|x64
		{33410002-9DC9-4C9A-A830-EAB4ED3B27E4}.Release|x86.ActiveCfg = Release|x86
		{33410002-9DC9-4C9A-A830-EAB4ED3B27E4}.Release|x86.Build.0 = Release|x86
		{33410002-9DC9-4C9A-A830-EAB4ED3B27E4}.Release|x86.Deploy.0 = Release|x86
	EndGlobalSection
	GlobalSection(SolutionProperties) = preSolution
		HideSolutionNode = FALSE
	EndGlobalSection
EndGlobal
